// !$*UTF8*$!
{
	archiveVersion = 1;
	classes = {
	};
	objectVersion = 77;
	objects = {

/* Begin PBXCopyFilesBuildPhase section */
		C95AC4242DEA2BC5007E9A2C /* CopyFiles */ = {
			isa = PBXCopyFilesBuildPhase;
			buildActionMask = 2147483647;
			dstPath = /usr/share/man/man1/;
			dstSubfolderSpec = 0;
			files = (
			);
			runOnlyForDeploymentPostprocessing = 1;
		};
		C95AC4322DEA2C6C007E9A2C /* CopyFiles */ = {
			isa = PBXCopyFilesBuildPhase;
			buildActionMask = 2147483647;
			dstPath = /usr/share/man/man1/;
			dstSubfolderSpec = 0;
			files = (
			);
			runOnlyForDeploymentPostprocessing = 1;
		};
		C95AC43D2DEA2CCC007E9A2C /* CopyFiles */ = {
			isa = PBXCopyFilesBuildPhase;
			buildActionMask = 2147483647;
			dstPath = /usr/share/man/man1/;
			dstSubfolderSpec = 0;
			files = (
			);
			runOnlyForDeploymentPostprocessing = 1;
		};
		C95AC45B2DEA3022007E9A2C /* CopyFiles */ = {
			isa = PBXCopyFilesBuildPhase;
			buildActionMask = 2147483647;
			dstPath = /usr/share/man/man1/;
			dstSubfolderSpec = 0;
			files = (
			);
			runOnlyForDeploymentPostprocessing = 1;
		};
		C95AC4662DEA3058007E9A2C /* CopyFiles */ = {
			isa = PBXCopyFilesBuildPhase;
			buildActionMask = 2147483647;
			dstPath = /usr/share/man/man1/;
			dstSubfolderSpec = 0;
			files = (
			);
			runOnlyForDeploymentPostprocessing = 1;
		};
		C95AC47A2DEE61C0007E9A2C /* CopyFiles */ = {
			isa = PBXCopyFilesBuildPhase;
			buildActionMask = 2147483647;
			dstPath = /usr/share/man/man1/;
			dstSubfolderSpec = 0;
			files = (
			);
			runOnlyForDeploymentPostprocessing = 1;
		};
		C9CEFE882DEE708E002D8EEF /* CopyFiles */ = {
			isa = PBXCopyFilesBuildPhase;
			buildActionMask = 2147483647;
			dstPath = /usr/share/man/man1/;
			dstSubfolderSpec = 0;
			files = (
			);
			runOnlyForDeploymentPostprocessing = 1;
		};
		C9CEFE932DEE790D002D8EEF /* CopyFiles */ = {
			isa = PBXCopyFilesBuildPhase;
			buildActionMask = 2147483647;
			dstPath = /usr/share/man/man1/;
			dstSubfolderSpec = 0;
			files = (
			);
			runOnlyForDeploymentPostprocessing = 1;
		};
		C9CEFEC82DF1645D002D8EEF /* CopyFiles */ = {
			isa = PBXCopyFilesBuildPhase;
			buildActionMask = 2147483647;
			dstPath = /usr/share/man/man1/;
			dstSubfolderSpec = 0;
			files = (
			);
			runOnlyForDeploymentPostprocessing = 1;
		};
		C9CEFED32DF17563002D8EEF /* CopyFiles */ = {
			isa = PBXCopyFilesBuildPhase;
			buildActionMask = 2147483647;
			dstPath = /usr/share/man/man1/;
			dstSubfolderSpec = 0;
			files = (
			);
			runOnlyForDeploymentPostprocessing = 1;
		};
		C9CEFEDE2DF187B2002D8EEF /* CopyFiles */ = {
			isa = PBXCopyFilesBuildPhase;
			buildActionMask = 2147483647;
			dstPath = /usr/share/man/man1/;
			dstSubfolderSpec = 0;
			files = (
			);
			runOnlyForDeploymentPostprocessing = 1;
		};
		C9CEFEE92DF7A6E1002D8EEF /* CopyFiles */ = {
			isa = PBXCopyFilesBuildPhase;
			buildActionMask = 2147483647;
			dstPath = /usr/share/man/man1/;
			dstSubfolderSpec = 0;
			files = (
			);
			runOnlyForDeploymentPostprocessing = 1;
		};
		C9CEFEF42DF8395B002D8EEF /* CopyFiles */ = {
			isa = PBXCopyFilesBuildPhase;
			buildActionMask = 2147483647;
			dstPath = /usr/share/man/man1/;
			dstSubfolderSpec = 0;
			files = (
			);
			runOnlyForDeploymentPostprocessing = 1;
		};
		C9CEFF0C2DF84B25002D8EEF /* CopyFiles */ = {
			isa = PBXCopyFilesBuildPhase;
			buildActionMask = 2147483647;
			dstPath = /usr/share/man/man1/;
			dstSubfolderSpec = 0;
			files = (
			);
			runOnlyForDeploymentPostprocessing = 1;
		};
/* End PBXCopyFilesBuildPhase section */

/* Begin PBXFileReference section */
		C9CEFEFD2DF84B19002D8EEF /* Lab3A */ = {isa = PBXFileReference; explicitFileType = "compiled.mach-o.executable"; includeInIndex = 0; name = Lab3A; path = "/Users/matt/Desktop/CSCE 1030 Labs/CSCE_1030_Xcode/build/Debug/Lab3A"; sourceTree = "<absolute>"; };
		C9CEFEFE2DF84B19002D8EEF /* Lab3B */ = {isa = PBXFileReference; explicitFileType = "compiled.mach-o.executable"; includeInIndex = 0; name = Lab3B; path = "/Users/matt/Desktop/CSCE 1030 Labs/CSCE_1030_Xcode/build/Debug/Lab3B"; sourceTree = "<absolute>"; };
		C9CEFEFF2DF84B19002D8EEF /* Lab3C */ = {isa = PBXFileReference; explicitFileType = "compiled.mach-o.executable"; includeInIndex = 0; name = Lab3C; path = "/Users/matt/Desktop/CSCE 1030 Labs/CSCE_1030_Xcode/build/Debug/Lab3C"; sourceTree = "<absolute>"; };
		C9CEFF002DF84B19002D8EEF /* Lab2A */ = {isa = PBXFileReference; explicitFileType = "compiled.mach-o.executable"; includeInIndex = 0; name = Lab2A; path = "/Users/matt/Desktop/CSCE 1030 Labs/CSCE_1030_Xcode/build/Debug/Lab2A"; sourceTree = "<absolute>"; };
		C9CEFF012DF84B19002D8EEF /* Lab2B */ = {isa = PBXFileReference; explicitFileType = "compiled.mach-o.executable"; includeInIndex = 0; name = Lab2B; path = "/Users/matt/Desktop/CSCE 1030 Labs/CSCE_1030_Xcode/build/Debug/Lab2B"; sourceTree = "<absolute>"; };
		C9CEFF022DF84B19002D8EEF /* Lab4A */ = {isa = PBXFileReference; explicitFileType = "compiled.mach-o.executable"; includeInIndex = 0; name = Lab4A; path = "/Users/matt/Desktop/CSCE 1030 Labs/CSCE_1030_Xcode/build/Debug/Lab4A"; sourceTree = "<absolute>"; };
		C9CEFF032DF84B19002D8EEF /* Lab4B */ = {isa = PBXFileReference; explicitFileType = "compiled.mach-o.executable"; includeInIndex = 0; name = Lab4B; path = "/Users/matt/Desktop/CSCE 1030 Labs/CSCE_1030_Xcode/build/Debug/Lab4B"; sourceTree = "<absolute>"; };
		C9CEFF042DF84B19002D8EEF /* Lab4C */ = {isa = PBXFileReference; explicitFileType = "compiled.mach-o.executable"; includeInIndex = 0; name = Lab4C; path = "/Users/matt/Desktop/CSCE 1030 Labs/CSCE_1030_Xcode/build/Debug/Lab4C"; sourceTree = "<absolute>"; };
		C9CEFF052DF84B19002D8EEF /* Lab5A */ = {isa = PBXFileReference; explicitFileType = "compiled.mach-o.executable"; includeInIndex = 0; name = Lab5A; path = "/Users/matt/Desktop/CSCE 1030 Labs/CSCE_1030_Xcode/build/Debug/Lab5A"; sourceTree = "<absolute>"; };
		C9CEFF062DF84B19002D8EEF /* Lab5B */ = {isa = PBXFileReference; explicitFileType = "compiled.mach-o.executable"; includeInIndex = 0; name = Lab5B; path = "/Users/matt/Desktop/CSCE 1030 Labs/CSCE_1030_Xcode/build/Debug/Lab5B"; sourceTree = "<absolute>"; };
		C9CEFF072DF84B19002D8EEF /* Lab5C */ = {isa = PBXFileReference; explicitFileType = "compiled.mach-o.executable"; includeInIndex = 0; name = Lab5C; path = "/Users/matt/Desktop/CSCE 1030 Labs/CSCE_1030_Xcode/build/Debug/Lab5C"; sourceTree = "<absolute>"; };
		C9CEFF082DF84B19002D8EEF /* Lab6A */ = {isa = PBXFileReference; explicitFileType = "compiled.mach-o.executable"; includeInIndex = 0; name = Lab6A; path = "/Users/matt/Desktop/CSCE 1030 Labs/CSCE_1030_Xcode/build/Debug/Lab6A"; sourceTree = "<absolute>"; };
		C9CEFF092DF84B19002D8EEF /* Lab6B */ = {isa = PBXFileReference; explicitFileType = "compiled.mach-o.executable"; includeInIndex = 0; name = Lab6B; path = "/Users/matt/Desktop/CSCE 1030 Labs/CSCE_1030_Xcode/build/Debug/Lab6B"; sourceTree = "<absolute>"; };
		C9CEFF0E2DF84B25002D8EEF /* Lab6C */ = {isa = PBXFileReference; explicitFileType = "compiled.mach-o.executable"; includeInIndex = 0; name = Lab6C; path = "/Users/matt/Desktop/CSCE 1030 Labs/CSCE_1030_Xcode/build/Debug/Lab6C"; sourceTree = "<absolute>"; };
/* End PBXFileReference section */

/* Begin PBXFileSystemSynchronizedBuildFileExceptionSet section */
		C95AC4532DEA2DED007E9A2C /* Exceptions for "Lab3" folder in "Lab3A" target */ = {
			isa = PBXFileSystemSynchronizedBuildFileExceptionSet;
			membershipExceptions = (
				Lab3B/main.cpp,
				Lab3C/main.cpp,
			);
			target = C95AC4252DEA2BC5007E9A2C /* Lab3A */;
		};
		C95AC4542DEA2DED007E9A2C /* Exceptions for "Lab3" folder in "Lab3B" target */ = {
			isa = PBXFileSystemSynchronizedBuildFileExceptionSet;
			membershipExceptions = (
				Lab3B/main.cpp,
			);
			target = C95AC4332DEA2C6C007E9A2C /* Lab3B */;
		};
		C95AC4582DEA2DF1007E9A2C /* Exceptions for "Lab3" folder in "Lab3C" target */ = {
			isa = PBXFileSystemSynchronizedBuildFileExceptionSet;
			membershipExceptions = (
				Lab3C/main.cpp,
			);
			target = C95AC43E2DEA2CCC007E9A2C /* Lab3C */;
		};
		C95AC4762DEA3080007E9A2C /* Exceptions for "Lab2" folder in "Lab2A" target */ = {
			isa = PBXFileSystemSynchronizedBuildFileExceptionSet;
			membershipExceptions = (
				Lab2B/main.cpp,
			);
			target = C95AC45C2DEA3022007E9A2C /* Lab2A */;
		};
		C95AC4772DEA3080007E9A2C /* Exceptions for "Lab2" folder in "Lab2B" target */ = {
			isa = PBXFileSystemSynchronizedBuildFileExceptionSet;
			membershipExceptions = (
				Lab2B/main.cpp,
			);
			target = C95AC4672DEA3058007E9A2C /* Lab2B */;
		};
		C9CEFEC12DEE7941002D8EEF /* Exceptions for "Lab4" folder in "Lab3A" target */ = {
			isa = PBXFileSystemSynchronizedBuildFileExceptionSet;
			membershipExceptions = (
				Lab4A/main.cpp,
				Lab4B/main.cpp,
				Lab4C/main.cpp,
			);
			target = C95AC4252DEA2BC5007E9A2C /* Lab3A */;
		};
		C9CEFEC22DEE7941002D8EEF /* Exceptions for "Lab4" folder in "Lab4A" target */ = {
			isa = PBXFileSystemSynchronizedBuildFileExceptionSet;
			membershipExceptions = (
				Lab4A/main.cpp,
			);
			target = C95AC47B2DEE61C0007E9A2C /* Lab4A */;
		};
		C9CEFEC32DEE7941002D8EEF /* Exceptions for "Lab4" folder in "Lab4B" target */ = {
			isa = PBXFileSystemSynchronizedBuildFileExceptionSet;
			membershipExceptions = (
				Lab4B/main.cpp,
			);
			target = C9CEFE892DEE708E002D8EEF /* Lab4B */;
		};
		C9CEFEC42DEE7941002D8EEF /* Exceptions for "Lab4" folder in "Lab4C" target */ = {
			isa = PBXFileSystemSynchronizedBuildFileExceptionSet;
			membershipExceptions = (
				Lab4C/main.cpp,
			);
			target = C9CEFE942DEE790D002D8EEF /* Lab4C */;
		};
		C9CEFF192DF86EE4002D8EEF /* Exceptions for "Lab5" folder in "Lab3A" target */ = {
			isa = PBXFileSystemSynchronizedBuildFileExceptionSet;
			membershipExceptions = (
				Lab5A/main.cpp,
				Lab5B/main.cpp,
				Lab5C/main.cpp,
			);
			target = C95AC4252DEA2BC5007E9A2C /* Lab3A */;
		};
		C9CEFF1A2DF86EE4002D8EEF /* Exceptions for "Lab5" folder in "Lab5A" target */ = {
			isa = PBXFileSystemSynchronizedBuildFileExceptionSet;
			membershipExceptions = (
				Lab5A/main.cpp,
			);
			target = C9CEFEC92DF1645D002D8EEF /* Lab5A */;
		};
		C9CEFF1E2DF86EEF002D8EEF /* Exceptions for "Lab5" folder in "Lab5B" target */ = {
			isa = PBXFileSystemSynchronizedBuildFileExceptionSet;
			membershipExceptions = (
				Lab5B/main.cpp,
			);
			target = C9CEFED42DF17563002D8EEF /* Lab5B */;
		};
		C9CEFF222DF86F03002D8EEF /* Exceptions for "Lab5" folder in "Lab5C" target */ = {
			isa = PBXFileSystemSynchronizedBuildFileExceptionSet;
			membershipExceptions = (
				Lab5C/main.cpp,
			);
			target = C9CEFEDF2DF187B2002D8EEF /* Lab5C */;
		};
		C9CEFF272DF86F1F002D8EEF /* Exceptions for "Lab6" folder in "Lab3A" target */ = {
			isa = PBXFileSystemSynchronizedBuildFileExceptionSet;
			membershipExceptions = (
				Lab6A/main.cpp,
				Lab6B/main.cpp,
				Lab6C/main.cpp,
			);
			target = C95AC4252DEA2BC5007E9A2C /* Lab3A */;
		};
		C9CEFF282DF86F1F002D8EEF /* Exceptions for "Lab6" folder in "Lab6A" target */ = {
			isa = PBXFileSystemSynchronizedBuildFileExceptionSet;
			membershipExceptions = (
				Lab6A/main.cpp,
			);
			target = C9CEFEEA2DF7A6E1002D8EEF /* Lab6A */;
		};
		C9CEFF2C2DF86F27002D8EEF /* Exceptions for "Lab6" folder in "Lab6B" target */ = {
			isa = PBXFileSystemSynchronizedBuildFileExceptionSet;
			membershipExceptions = (
				Lab6B/main.cpp,
			);
			target = C9CEFEF52DF8395B002D8EEF /* Lab6B */;
		};
		C9CEFF302DF86F2B002D8EEF /* Exceptions for "Lab6" folder in "Lab6C" target */ = {
			isa = PBXFileSystemSynchronizedBuildFileExceptionSet;
			membershipExceptions = (
				Lab6C/main.cpp,
			);
			target = C9CEFF0D2DF84B25002D8EEF /* Lab6C */;
		};
/* End PBXFileSystemSynchronizedBuildFileExceptionSet section */

/* Begin PBXFileSystemSynchronizedRootGroup section */
		C95AC44C2DEA2DD4007E9A2C /* Lab3 */ = {
			isa = PBXFileSystemSynchronizedRootGroup;
			exceptions = (
				C95AC4532DEA2DED007E9A2C /* Exceptions for "Lab3" folder in "Lab3A" target */,
				C95AC4542DEA2DED007E9A2C /* Exceptions for "Lab3" folder in "Lab3B" target */,
				C95AC4582DEA2DF1007E9A2C /* Exceptions for "Lab3" folder in "Lab3C" target */,
			);
			path = Lab3;
			sourceTree = "<group>";
		};
		C95AC46F2DEA306F007E9A2C /* Lab2 */ = {
			isa = PBXFileSystemSynchronizedRootGroup;
			exceptions = (
				C95AC4762DEA3080007E9A2C /* Exceptions for "Lab2" folder in "Lab2A" target */,
				C95AC4772DEA3080007E9A2C /* Exceptions for "Lab2" folder in "Lab2B" target */,
			);
			path = Lab2;
			sourceTree = "<group>";
		};
		C9CEFEBD2DEE7941002D8EEF /* Lab4 */ = {
			isa = PBXFileSystemSynchronizedRootGroup;
			exceptions = (
				C9CEFEC12DEE7941002D8EEF /* Exceptions for "Lab4" folder in "Lab3A" target */,
				C9CEFEC22DEE7941002D8EEF /* Exceptions for "Lab4" folder in "Lab4A" target */,
				C9CEFEC32DEE7941002D8EEF /* Exceptions for "Lab4" folder in "Lab4B" target */,
				C9CEFEC42DEE7941002D8EEF /* Exceptions for "Lab4" folder in "Lab4C" target */,
			);
			path = Lab4;
			sourceTree = "<group>";
		};
		C9CEFF152DF86ECA002D8EEF /* Lab5 */ = {
			isa = PBXFileSystemSynchronizedRootGroup;
			exceptions = (
				C9CEFF192DF86EE4002D8EEF /* Exceptions for "Lab5" folder in "Lab3A" target */,
				C9CEFF1A2DF86EE4002D8EEF /* Exceptions for "Lab5" folder in "Lab5A" target */,
				C9CEFF1E2DF86EEF002D8EEF /* Exceptions for "Lab5" folder in "Lab5B" target */,
				C9CEFF222DF86F03002D8EEF /* Exceptions for "Lab5" folder in "Lab5C" target */,
			);
			path = Lab5;
			sourceTree = "<group>";
		};
		C9CEFF232DF86F11002D8EEF /* Lab6 */ = {
			isa = PBXFileSystemSynchronizedRootGroup;
			exceptions = (
				C9CEFF272DF86F1F002D8EEF /* Exceptions for "Lab6" folder in "Lab3A" target */,
				C9CEFF282DF86F1F002D8EEF /* Exceptions for "Lab6" folder in "Lab6A" target */,
				C9CEFF2C2DF86F27002D8EEF /* Exceptions for "Lab6" folder in "Lab6B" target */,
				C9CEFF302DF86F2B002D8EEF /* Exceptions for "Lab6" folder in "Lab6C" target */,
			);
			path = Lab6;
			sourceTree = "<group>";
		};
/* End PBXFileSystemSynchronizedRootGroup section */

/* Begin PBXFrameworksBuildPhase section */
		C95AC4232DEA2BC5007E9A2C /* Frameworks */ = {
			isa = PBXFrameworksBuildPhase;
			buildActionMask = 2147483647;
			files = (
			);
			runOnlyForDeploymentPostprocessing = 0;
		};
		C95AC4312DEA2C6C007E9A2C /* Frameworks */ = {
			isa = PBXFrameworksBuildPhase;
			buildActionMask = 2147483647;
			files = (
			);
			runOnlyForDeploymentPostprocessing = 0;
		};
		C95AC43C2DEA2CCC007E9A2C /* Frameworks */ = {
			isa = PBXFrameworksBuildPhase;
			buildActionMask = 2147483647;
			files = (
			);
			runOnlyForDeploymentPostprocessing = 0;
		};
		C95AC45A2DEA3022007E9A2C /* Frameworks */ = {
			isa = PBXFrameworksBuildPhase;
			buildActionMask = 2147483647;
			files = (
			);
			runOnlyForDeploymentPostprocessing = 0;
		};
		C95AC4652DEA3058007E9A2C /* Frameworks */ = {
			isa = PBXFrameworksBuildPhase;
			buildActionMask = 2147483647;
			files = (
			);
			runOnlyForDeploymentPostprocessing = 0;
		};
		C95AC4792DEE61C0007E9A2C /* Frameworks */ = {
			isa = PBXFrameworksBuildPhase;
			buildActionMask = 2147483647;
			files = (
			);
			runOnlyForDeploymentPostprocessing = 0;
		};
		C9CEFE872DEE708E002D8EEF /* Frameworks */ = {
			isa = PBXFrameworksBuildPhase;
			buildActionMask = 2147483647;
			files = (
			);
			runOnlyForDeploymentPostprocessing = 0;
		};
		C9CEFE922DEE790D002D8EEF /* Frameworks */ = {
			isa = PBXFrameworksBuildPhase;
			buildActionMask = 2147483647;
			files = (
			);
			runOnlyForDeploymentPostprocessing = 0;
		};
		C9CEFEC72DF1645D002D8EEF /* Frameworks */ = {
			isa = PBXFrameworksBuildPhase;
			buildActionMask = 2147483647;
			files = (
			);
			runOnlyForDeploymentPostprocessing = 0;
		};
		C9CEFED22DF17563002D8EEF /* Frameworks */ = {
			isa = PBXFrameworksBuildPhase;
			buildActionMask = 2147483647;
			files = (
			);
			runOnlyForDeploymentPostprocessing = 0;
		};
		C9CEFEDD2DF187B2002D8EEF /* Frameworks */ = {
			isa = PBXFrameworksBuildPhase;
			buildActionMask = 2147483647;
			files = (
			);
			runOnlyForDeploymentPostprocessing = 0;
		};
		C9CEFEE82DF7A6E1002D8EEF /* Frameworks */ = {
			isa = PBXFrameworksBuildPhase;
			buildActionMask = 2147483647;
			files = (
			);
			runOnlyForDeploymentPostprocessing = 0;
		};
		C9CEFEF32DF8395B002D8EEF /* Frameworks */ = {
			isa = PBXFrameworksBuildPhase;
			buildActionMask = 2147483647;
			files = (
			);
			runOnlyForDeploymentPostprocessing = 0;
		};
		C9CEFF0B2DF84B25002D8EEF /* Frameworks */ = {
			isa = PBXFrameworksBuildPhase;
			buildActionMask = 2147483647;
			files = (
			);
			runOnlyForDeploymentPostprocessing = 0;
		};
/* End PBXFrameworksBuildPhase section */

/* Begin PBXGroup section */
		C95AC41D2DEA2BC5007E9A2C = {
			isa = PBXGroup;
			children = (
				C95AC46F2DEA306F007E9A2C /* Lab2 */,
				C95AC44C2DEA2DD4007E9A2C /* Lab3 */,
				C9CEFEBD2DEE7941002D8EEF /* Lab4 */,
				C9CEFF152DF86ECA002D8EEF /* Lab5 */,
				C9CEFF232DF86F11002D8EEF /* Lab6 */,
			);
			sourceTree = "<group>";
		};
/* End PBXGroup section */

/* Begin PBXNativeTarget section */
		C95AC4252DEA2BC5007E9A2C /* Lab3A */ = {
			isa = PBXNativeTarget;
			buildConfigurationList = C95AC42D2DEA2BC5007E9A2C /* Build configuration list for PBXNativeTarget "Lab3A" */;
			buildPhases = (
				C95AC4222DEA2BC5007E9A2C /* Sources */,
				C95AC4232DEA2BC5007E9A2C /* Frameworks */,
				C95AC4242DEA2BC5007E9A2C /* CopyFiles */,
			);
			buildRules = (
			);
			dependencies = (
			);
			fileSystemSynchronizedGroups = (
				C95AC44C2DEA2DD4007E9A2C /* Lab3 */,
				C9CEFEBD2DEE7941002D8EEF /* Lab4 */,
				C9CEFF152DF86ECA002D8EEF /* Lab5 */,
				C9CEFF232DF86F11002D8EEF /* Lab6 */,
			);
			name = Lab3A;
			packageProductDependencies = (
			);
			productName = CSCE_1030_Xcode;
			productReference = C9CEFEFD2DF84B19002D8EEF /* Lab3A */;
			productType = "com.apple.product-type.tool";
		};
		C95AC4332DEA2C6C007E9A2C /* Lab3B */ = {
			isa = PBXNativeTarget;
			buildConfigurationList = C95AC4382DEA2C6C007E9A2C /* Build configuration list for PBXNativeTarget "Lab3B" */;
			buildPhases = (
				C95AC4302DEA2C6C007E9A2C /* Sources */,
				C95AC4312DEA2C6C007E9A2C /* Frameworks */,
				C95AC4322DEA2C6C007E9A2C /* CopyFiles */,
			);
			buildRules = (
			);
			dependencies = (
			);
			name = Lab3B;
			packageProductDependencies = (
			);
			productName = Lab3B;
			productReference = C9CEFEFE2DF84B19002D8EEF /* Lab3B */;
			productType = "com.apple.product-type.tool";
		};
		C95AC43E2DEA2CCC007E9A2C /* Lab3C */ = {
			isa = PBXNativeTarget;
			buildConfigurationList = C95AC4432DEA2CCC007E9A2C /* Build configuration list for PBXNativeTarget "Lab3C" */;
			buildPhases = (
				C95AC43B2DEA2CCC007E9A2C /* Sources */,
				C95AC43C2DEA2CCC007E9A2C /* Frameworks */,
				C95AC43D2DEA2CCC007E9A2C /* CopyFiles */,
			);
			buildRules = (
			);
			dependencies = (
			);
			name = Lab3C;
			packageProductDependencies = (
			);
			productName = Lab3C;
			productReference = C9CEFEFF2DF84B19002D8EEF /* Lab3C */;
			productType = "com.apple.product-type.tool";
		};
		C95AC45C2DEA3022007E9A2C /* Lab2A */ = {
			isa = PBXNativeTarget;
			buildConfigurationList = C95AC4612DEA3022007E9A2C /* Build configuration list for PBXNativeTarget "Lab2A" */;
			buildPhases = (
				C95AC4592DEA3022007E9A2C /* Sources */,
				C95AC45A2DEA3022007E9A2C /* Frameworks */,
				C95AC45B2DEA3022007E9A2C /* CopyFiles */,
			);
			buildRules = (
			);
			dependencies = (
			);
			fileSystemSynchronizedGroups = (
				C95AC46F2DEA306F007E9A2C /* Lab2 */,
			);
			name = Lab2A;
			packageProductDependencies = (
			);
			productName = Lab2A;
			productReference = C9CEFF002DF84B19002D8EEF /* Lab2A */;
			productType = "com.apple.product-type.tool";
		};
		C95AC4672DEA3058007E9A2C /* Lab2B */ = {
			isa = PBXNativeTarget;
			buildConfigurationList = C95AC46C2DEA3058007E9A2C /* Build configuration list for PBXNativeTarget "Lab2B" */;
			buildPhases = (
				C95AC4642DEA3058007E9A2C /* Sources */,
				C95AC4652DEA3058007E9A2C /* Frameworks */,
				C95AC4662DEA3058007E9A2C /* CopyFiles */,
			);
			buildRules = (
			);
			dependencies = (
			);
			name = Lab2B;
			packageProductDependencies = (
			);
			productName = Lab2B;
			productReference = C9CEFF012DF84B19002D8EEF /* Lab2B */;
			productType = "com.apple.product-type.tool";
		};
		C95AC47B2DEE61C0007E9A2C /* Lab4A */ = {
			isa = PBXNativeTarget;
			buildConfigurationList = C95AC4802DEE61C0007E9A2C /* Build configuration list for PBXNativeTarget "Lab4A" */;
			buildPhases = (
				C95AC4782DEE61C0007E9A2C /* Sources */,
				C95AC4792DEE61C0007E9A2C /* Frameworks */,
				C95AC47A2DEE61C0007E9A2C /* CopyFiles */,
			);
			buildRules = (
			);
			dependencies = (
			);
			name = Lab4A;
			packageProductDependencies = (
			);
			productName = Lab4A;
			productReference = C9CEFF022DF84B19002D8EEF /* Lab4A */;
			productType = "com.apple.product-type.tool";
		};
		C9CEFE892DEE708E002D8EEF /* Lab4B */ = {
			isa = PBXNativeTarget;
			buildConfigurationList = C9CEFE902DEE708E002D8EEF /* Build configuration list for PBXNativeTarget "Lab4B" */;
			buildPhases = (
				C9CEFE862DEE708E002D8EEF /* Sources */,
				C9CEFE872DEE708E002D8EEF /* Frameworks */,
				C9CEFE882DEE708E002D8EEF /* CopyFiles */,
			);
			buildRules = (
			);
			dependencies = (
			);
			name = Lab4B;
			packageProductDependencies = (
			);
			productName = Lab4B;
			productReference = C9CEFF032DF84B19002D8EEF /* Lab4B */;
			productType = "com.apple.product-type.tool";
		};
		C9CEFE942DEE790D002D8EEF /* Lab4C */ = {
			isa = PBXNativeTarget;
			buildConfigurationList = C9CEFE992DEE790D002D8EEF /* Build configuration list for PBXNativeTarget "Lab4C" */;
			buildPhases = (
				C9CEFE912DEE790D002D8EEF /* Sources */,
				C9CEFE922DEE790D002D8EEF /* Frameworks */,
				C9CEFE932DEE790D002D8EEF /* CopyFiles */,
			);
			buildRules = (
			);
			dependencies = (
			);
			name = Lab4C;
			packageProductDependencies = (
			);
			productName = Lab4C;
			productReference = C9CEFF042DF84B19002D8EEF /* Lab4C */;
			productType = "com.apple.product-type.tool";
		};
		C9CEFEC92DF1645D002D8EEF /* Lab5A */ = {
			isa = PBXNativeTarget;
			buildConfigurationList = C9CEFECE2DF1645D002D8EEF /* Build configuration list for PBXNativeTarget "Lab5A" */;
			buildPhases = (
				C9CEFEC62DF1645D002D8EEF /* Sources */,
				C9CEFEC72DF1645D002D8EEF /* Frameworks */,
				C9CEFEC82DF1645D002D8EEF /* CopyFiles */,
			);
			buildRules = (
			);
			dependencies = (
			);
			name = Lab5A;
			packageProductDependencies = (
			);
			productName = Lab5A;
			productReference = C9CEFF052DF84B19002D8EEF /* Lab5A */;
			productType = "com.apple.product-type.tool";
		};
		C9CEFED42DF17563002D8EEF /* Lab5B */ = {
			isa = PBXNativeTarget;
			buildConfigurationList = C9CEFED92DF17563002D8EEF /* Build configuration list for PBXNativeTarget "Lab5B" */;
			buildPhases = (
				C9CEFED12DF17563002D8EEF /* Sources */,
				C9CEFED22DF17563002D8EEF /* Frameworks */,
				C9CEFED32DF17563002D8EEF /* CopyFiles */,
			);
			buildRules = (
			);
			dependencies = (
			);
			name = Lab5B;
			packageProductDependencies = (
			);
			productName = Lab5B;
			productReference = C9CEFF062DF84B19002D8EEF /* Lab5B */;
			productType = "com.apple.product-type.tool";
		};
		C9CEFEDF2DF187B2002D8EEF /* Lab5C */ = {
			isa = PBXNativeTarget;
			buildConfigurationList = C9CEFEE42DF187B2002D8EEF /* Build configuration list for PBXNativeTarget "Lab5C" */;
			buildPhases = (
				C9CEFEDC2DF187B2002D8EEF /* Sources */,
				C9CEFEDD2DF187B2002D8EEF /* Frameworks */,
				C9CEFEDE2DF187B2002D8EEF /* CopyFiles */,
			);
			buildRules = (
			);
			dependencies = (
			);
			name = Lab5C;
			packageProductDependencies = (
			);
			productName = Lab5C;
			productReference = C9CEFF072DF84B19002D8EEF /* Lab5C */;
			productType = "com.apple.product-type.tool";
		};
		C9CEFEEA2DF7A6E1002D8EEF /* Lab6A */ = {
			isa = PBXNativeTarget;
			buildConfigurationList = C9CEFEEF2DF7A6E1002D8EEF /* Build configuration list for PBXNativeTarget "Lab6A" */;
			buildPhases = (
				C9CEFEE72DF7A6E1002D8EEF /* Sources */,
				C9CEFEE82DF7A6E1002D8EEF /* Frameworks */,
				C9CEFEE92DF7A6E1002D8EEF /* CopyFiles */,
			);
			buildRules = (
			);
			dependencies = (
			);
			name = Lab6A;
			packageProductDependencies = (
			);
			productName = Lab6A;
			productReference = C9CEFF082DF84B19002D8EEF /* Lab6A */;
			productType = "com.apple.product-type.tool";
		};
		C9CEFEF52DF8395B002D8EEF /* Lab6B */ = {
			isa = PBXNativeTarget;
			buildConfigurationList = C9CEFEFA2DF8395B002D8EEF /* Build configuration list for PBXNativeTarget "Lab6B" */;
			buildPhases = (
				C9CEFEF22DF8395B002D8EEF /* Sources */,
				C9CEFEF32DF8395B002D8EEF /* Frameworks */,
				C9CEFEF42DF8395B002D8EEF /* CopyFiles */,
			);
			buildRules = (
			);
			dependencies = (
			);
			name = Lab6B;
			packageProductDependencies = (
			);
			productName = Lab6B;
			productReference = C9CEFF092DF84B19002D8EEF /* Lab6B */;
			productType = "com.apple.product-type.tool";
		};
		C9CEFF0D2DF84B25002D8EEF /* Lab6C */ = {
			isa = PBXNativeTarget;
			buildConfigurationList = C9CEFF122DF84B25002D8EEF /* Build configuration list for PBXNativeTarget "Lab6C" */;
			buildPhases = (
				C9CEFF0A2DF84B25002D8EEF /* Sources */,
				C9CEFF0B2DF84B25002D8EEF /* Frameworks */,
				C9CEFF0C2DF84B25002D8EEF /* CopyFiles */,
			);
			buildRules = (
			);
			dependencies = (
			);
			name = Lab6C;
			packageProductDependencies = (
			);
			productName = Lab6C;
			productReference = C9CEFF0E2DF84B25002D8EEF /* Lab6C */;
			productType = "com.apple.product-type.tool";
		};
/* End PBXNativeTarget section */

/* Begin PBXProject section */
		C95AC41E2DEA2BC5007E9A2C /* Project object */ = {
			isa = PBXProject;
			attributes = {
				BuildIndependentTargetsInParallel = 1;
				LastUpgradeCheck = 1630;
				TargetAttributes = {
					C95AC4252DEA2BC5007E9A2C = {
						CreatedOnToolsVersion = 16.3;
					};
					C95AC4332DEA2C6C007E9A2C = {
						CreatedOnToolsVersion = 16.3;
					};
					C95AC43E2DEA2CCC007E9A2C = {
						CreatedOnToolsVersion = 16.3;
					};
					C95AC45C2DEA3022007E9A2C = {
						CreatedOnToolsVersion = 16.3;
					};
					C95AC4672DEA3058007E9A2C = {
						CreatedOnToolsVersion = 16.3;
					};
					C95AC47B2DEE61C0007E9A2C = {
						CreatedOnToolsVersion = 16.3;
					};
					C9CEFE892DEE708E002D8EEF = {
						CreatedOnToolsVersion = 16.3;
					};
					C9CEFE942DEE790D002D8EEF = {
						CreatedOnToolsVersion = 16.3;
					};
					C9CEFEC92DF1645D002D8EEF = {
						CreatedOnToolsVersion = 16.3;
					};
					C9CEFED42DF17563002D8EEF = {
						CreatedOnToolsVersion = 16.3;
					};
					C9CEFEDF2DF187B2002D8EEF = {
						CreatedOnToolsVersion = 16.3;
					};
					C9CEFEEA2DF7A6E1002D8EEF = {
						CreatedOnToolsVersion = 16.3;
					};
					C9CEFEF52DF8395B002D8EEF = {
						CreatedOnToolsVersion = 16.3;
					};
					C9CEFF0D2DF84B25002D8EEF = {
						CreatedOnToolsVersion = 16.3;
					};
				};
			};
			buildConfigurationList = C95AC4212DEA2BC5007E9A2C /* Build configuration list for PBXProject "CSCE_1030_Xcode" */;
			developmentRegion = en;
			hasScannedForEncodings = 0;
			knownRegions = (
				en,
				Base,
			);
			mainGroup = C95AC41D2DEA2BC5007E9A2C;
			minimizedProjectReferenceProxies = 1;
			preferredProjectObjectVersion = 77;
			productRefGroup = C95AC41D2DEA2BC5007E9A2C;
			projectDirPath = "";
			projectRoot = "";
			targets = (
				C95AC4252DEA2BC5007E9A2C /* Lab3A */,
				C95AC4332DEA2C6C007E9A2C /* Lab3B */,
				C95AC43E2DEA2CCC007E9A2C /* Lab3C */,
				C95AC45C2DEA3022007E9A2C /* Lab2A */,
				C95AC4672DEA3058007E9A2C /* Lab2B */,
				C95AC47B2DEE61C0007E9A2C /* Lab4A */,
				C9CEFE892DEE708E002D8EEF /* Lab4B */,
				C9CEFE942DEE790D002D8EEF /* Lab4C */,
				C9CEFEC92DF1645D002D8EEF /* Lab5A */,
				C9CEFED42DF17563002D8EEF /* Lab5B */,
				C9CEFEDF2DF187B2002D8EEF /* Lab5C */,
				C9CEFEEA2DF7A6E1002D8EEF /* Lab6A */,
				C9CEFEF52DF8395B002D8EEF /* Lab6B */,
				C9CEFF0D2DF84B25002D8EEF /* Lab6C */,
			);
		};
/* End PBXProject section */

/* Begin PBXSourcesBuildPhase section */
		C95AC4222DEA2BC5007E9A2C /* Sources */ = {
			isa = PBXSourcesBuildPhase;
			buildActionMask = 2147483647;
			files = (
			);
			runOnlyForDeploymentPostprocessing = 0;
		};
		C95AC4302DEA2C6C007E9A2C /* Sources */ = {
			isa = PBXSourcesBuildPhase;
			buildActionMask = 2147483647;
			files = (
			);
			runOnlyForDeploymentPostprocessing = 0;
		};
		C95AC43B2DEA2CCC007E9A2C /* Sources */ = {
			isa = PBXSourcesBuildPhase;
			buildActionMask = 2147483647;
			files = (
			);
			runOnlyForDeploymentPostprocessing = 0;
		};
		C95AC4592DEA3022007E9A2C /* Sources */ = {
			isa = PBXSourcesBuildPhase;
			buildActionMask = 2147483647;
			files = (
			);
			runOnlyForDeploymentPostprocessing = 0;
		};
		C95AC4642DEA3058007E9A2C /* Sources */ = {
			isa = PBXSourcesBuildPhase;
			buildActionMask = 2147483647;
			files = (
			);
			runOnlyForDeploymentPostprocessing = 0;
		};
		C95AC4782DEE61C0007E9A2C /* Sources */ = {
			isa = PBXSourcesBuildPhase;
			buildActionMask = 2147483647;
			files = (
			);
			runOnlyForDeploymentPostprocessing = 0;
		};
		C9CEFE862DEE708E002D8EEF /* Sources */ = {
			isa = PBXSourcesBuildPhase;
			buildActionMask = 2147483647;
			files = (
			);
			runOnlyForDeploymentPostprocessing = 0;
		};
		C9CEFE912DEE790D002D8EEF /* Sources */ = {
			isa = PBXSourcesBuildPhase;
			buildActionMask = 2147483647;
			files = (
			);
			runOnlyForDeploymentPostprocessing = 0;
		};
		C9CEFEC62DF1645D002D8EEF /* Sources */ = {
			isa = PBXSourcesBuildPhase;
			buildActionMask = 2147483647;
			files = (
			);
			runOnlyForDeploymentPostprocessing = 0;
		};
		C9CEFED12DF17563002D8EEF /* Sources */ = {
			isa = PBXSourcesBuildPhase;
			buildActionMask = 2147483647;
			files = (
			);
			runOnlyForDeploymentPostprocessing = 0;
		};
		C9CEFEDC2DF187B2002D8EEF /* Sources */ = {
			isa = PBXSourcesBuildPhase;
			buildActionMask = 2147483647;
			files = (
			);
			runOnlyForDeploymentPostprocessing = 0;
		};
		C9CEFEE72DF7A6E1002D8EEF /* Sources */ = {
			isa = PBXSourcesBuildPhase;
			buildActionMask = 2147483647;
			files = (
			);
			runOnlyForDeploymentPostprocessing = 0;
		};
		C9CEFEF22DF8395B002D8EEF /* Sources */ = {
			isa = PBXSourcesBuildPhase;
			buildActionMask = 2147483647;
			files = (
			);
			runOnlyForDeploymentPostprocessing = 0;
		};
		C9CEFF0A2DF84B25002D8EEF /* Sources */ = {
			isa = PBXSourcesBuildPhase;
			buildActionMask = 2147483647;
			files = (
			);
			runOnlyForDeploymentPostprocessing = 0;
		};
/* End PBXSourcesBuildPhase section */

/* Begin XCBuildConfiguration section */
		C95AC42B2DEA2BC5007E9A2C /* Debug */ = {
			isa = XCBuildConfiguration;
			buildSettings = {
				ALWAYS_SEARCH_USER_PATHS = NO;
				ASSETCATALOG_COMPILER_GENERATE_SWIFT_ASSET_SYMBOL_EXTENSIONS = YES;
				CLANG_ANALYZER_NONNULL = YES;
				CLANG_ANALYZER_NUMBER_OBJECT_CONVERSION = YES_AGGRESSIVE;
				CLANG_CXX_LANGUAGE_STANDARD = "gnu++20";
				CLANG_ENABLE_MODULES = YES;
				CLANG_ENABLE_OBJC_ARC = YES;
				CLANG_ENABLE_OBJC_WEAK = YES;
				CLANG_WARN_BLOCK_CAPTURE_AUTORELEASING = YES;
				CLANG_WARN_BOOL_CONVERSION = YES;
				CLANG_WARN_COMMA = YES;
				CLANG_WARN_CONSTANT_CONVERSION = YES;
				CLANG_WARN_DEPRECATED_OBJC_IMPLEMENTATIONS = YES;
				CLANG_WARN_DIRECT_OBJC_ISA_USAGE = YES_ERROR;
				CLANG_WARN_DOCUMENTATION_COMMENTS = YES;
				CLANG_WARN_EMPTY_BODY = YES;
				CLANG_WARN_ENUM_CONVERSION = YES;
				CLANG_WARN_INFINITE_RECURSION = YES;
				CLANG_WARN_INT_CONVERSION = YES;
				CLANG_WARN_NON_LITERAL_NULL_CONVERSION = YES;
				CLANG_WARN_OBJC_IMPLICIT_RETAIN_SELF = YES;
				CLANG_WARN_OBJC_LITERAL_CONVERSION = YES;
				CLANG_WARN_OBJC_ROOT_CLASS = YES_ERROR;
				CLANG_WARN_QUOTED_INCLUDE_IN_FRAMEWORK_HEADER = YES;
				CLANG_WARN_RANGE_LOOP_ANALYSIS = YES;
				CLANG_WARN_STRICT_PROTOTYPES = YES;
				CLANG_WARN_SUSPICIOUS_MOVE = YES;
				CLANG_WARN_UNGUARDED_AVAILABILITY = YES_AGGRESSIVE;
				CLANG_WARN_UNREACHABLE_CODE = YES;
				CLANG_WARN__DUPLICATE_METHOD_MATCH = YES;
				COPY_PHASE_STRIP = NO;
				DEBUG_INFORMATION_FORMAT = dwarf;
				DEVELOPMENT_TEAM = J562JMPV98;
				ENABLE_STRICT_OBJC_MSGSEND = YES;
				ENABLE_TESTABILITY = YES;
				ENABLE_USER_SCRIPT_SANDBOXING = YES;
				GCC_C_LANGUAGE_STANDARD = gnu17;
				GCC_DYNAMIC_NO_PIC = NO;
				GCC_NO_COMMON_BLOCKS = YES;
				GCC_OPTIMIZATION_LEVEL = 0;
				GCC_PREPROCESSOR_DEFINITIONS = (
					"DEBUG=1",
					"$(inherited)",
				);
				GCC_WARN_64_TO_32_BIT_CONVERSION = YES;
				GCC_WARN_ABOUT_RETURN_TYPE = YES_ERROR;
				GCC_WARN_UNDECLARED_SELECTOR = YES;
				GCC_WARN_UNINITIALIZED_AUTOS = YES_AGGRESSIVE;
				GCC_WARN_UNUSED_FUNCTION = YES;
				GCC_WARN_UNUSED_VARIABLE = YES;
				LOCALIZATION_PREFERS_STRING_CATALOGS = YES;
				MACOSX_DEPLOYMENT_TARGET = 15.2;
				MTL_ENABLE_DEBUG_INFO = INCLUDE_SOURCE;
				MTL_FAST_MATH = YES;
				ONLY_ACTIVE_ARCH = YES;
				SDKROOT = macosx;
			};
			name = Debug;
		};
		C95AC42C2DEA2BC5007E9A2C /* Release */ = {
			isa = XCBuildConfiguration;
			buildSettings = {
				ALWAYS_SEARCH_USER_PATHS = NO;
				ASSETCATALOG_COMPILER_GENERATE_SWIFT_ASSET_SYMBOL_EXTENSIONS = YES;
				CLANG_ANALYZER_NONNULL = YES;
				CLANG_ANALYZER_NUMBER_OBJECT_CONVERSION = YES_AGGRESSIVE;
				CLANG_CXX_LANGUAGE_STANDARD = "gnu++20";
				CLANG_ENABLE_MODULES = YES;
				CLANG_ENABLE_OBJC_ARC = YES;
				CLANG_ENABLE_OBJC_WEAK = YES;
				CLANG_WARN_BLOCK_CAPTURE_AUTORELEASING = YES;
				CLANG_WARN_BOOL_CONVERSION = YES;
				CLANG_WARN_COMMA = YES;
				CLANG_WARN_CONSTANT_CONVERSION = YES;
				CLANG_WARN_DEPRECATED_OBJC_IMPLEMENTATIONS = YES;
				CLANG_WARN_DIRECT_OBJC_ISA_USAGE = YES_ERROR;
				CLANG_WARN_DOCUMENTATION_COMMENTS = YES;
				CLANG_WARN_EMPTY_BODY = YES;
				CLANG_WARN_ENUM_CONVERSION = YES;
				CLANG_WARN_INFINITE_RECURSION = YES;
				CLANG_WARN_INT_CONVERSION = YES;
				CLANG_WARN_NON_LITERAL_NULL_CONVERSION = YES;
				CLANG_WARN_OBJC_IMPLICIT_RETAIN_SELF = YES;
				CLANG_WARN_OBJC_LITERAL_CONVERSION = YES;
				CLANG_WARN_OBJC_ROOT_CLASS = YES_ERROR;
				CLANG_WARN_QUOTED_INCLUDE_IN_FRAMEWORK_HEADER = YES;
				CLANG_WARN_RANGE_LOOP_ANALYSIS = YES;
				CLANG_WARN_STRICT_PROTOTYPES = YES;
				CLANG_WARN_SUSPICIOUS_MOVE = YES;
				CLANG_WARN_UNGUARDED_AVAILABILITY = YES_AGGRESSIVE;
				CLANG_WARN_UNREACHABLE_CODE = YES;
				CLANG_WARN__DUPLICATE_METHOD_MATCH = YES;
				COPY_PHASE_STRIP = NO;
				DEBUG_INFORMATION_FORMAT = "dwarf-with-dsym";
				DEVELOPMENT_TEAM = J562JMPV98;
				ENABLE_NS_ASSERTIONS = NO;
				ENABLE_STRICT_OBJC_MSGSEND = YES;
				ENABLE_USER_SCRIPT_SANDBOXING = YES;
				GCC_C_LANGUAGE_STANDARD = gnu17;
				GCC_NO_COMMON_BLOCKS = YES;
				GCC_WARN_64_TO_32_BIT_CONVERSION = YES;
				GCC_WARN_ABOUT_RETURN_TYPE = YES_ERROR;
				GCC_WARN_UNDECLARED_SELECTOR = YES;
				GCC_WARN_UNINITIALIZED_AUTOS = YES_AGGRESSIVE;
				GCC_WARN_UNUSED_FUNCTION = YES;
				GCC_WARN_UNUSED_VARIABLE = YES;
				LOCALIZATION_PREFERS_STRING_CATALOGS = YES;
				MACOSX_DEPLOYMENT_TARGET = 15.2;
				MTL_ENABLE_DEBUG_INFO = NO;
				MTL_FAST_MATH = YES;
				SDKROOT = macosx;
			};
			name = Release;
		};
		C95AC42E2DEA2BC5007E9A2C /* Debug */ = {
			isa = XCBuildConfiguration;
			buildSettings = {
				CODE_SIGN_STYLE = Automatic;
				DEVELOPMENT_TEAM = J562JMPV98;
				ENABLE_HARDENED_RUNTIME = YES;
				PRODUCT_NAME = "$(TARGET_NAME)";
			};
			name = Debug;
		};
		C95AC42F2DEA2BC5007E9A2C /* Release */ = {
			isa = XCBuildConfiguration;
			buildSettings = {
				CODE_SIGN_STYLE = Automatic;
				DEVELOPMENT_TEAM = J562JMPV98;
				ENABLE_HARDENED_RUNTIME = YES;
				PRODUCT_NAME = "$(TARGET_NAME)";
			};
			name = Release;
		};
		C95AC4392DEA2C6C007E9A2C /* Debug */ = {
			isa = XCBuildConfiguration;
			buildSettings = {
				CODE_SIGN_STYLE = Automatic;
				DEVELOPMENT_TEAM = J562JMPV98;
				ENABLE_HARDENED_RUNTIME = YES;
				PRODUCT_NAME = "$(TARGET_NAME)";
			};
			name = Debug;
		};
		C95AC43A2DEA2C6C007E9A2C /* Release */ = {
			isa = XCBuildConfiguration;
			buildSettings = {
				CODE_SIGN_STYLE = Automatic;
				DEVELOPMENT_TEAM = J562JMPV98;
				ENABLE_HARDENED_RUNTIME = YES;
				PRODUCT_NAME = "$(TARGET_NAME)";
			};
			name = Release;
		};
		C95AC4442DEA2CCC007E9A2C /* Debug */ = {
			isa = XCBuildConfiguration;
			buildSettings = {
				CODE_SIGN_STYLE = Automatic;
				DEVELOPMENT_TEAM = J562JMPV98;
				ENABLE_HARDENED_RUNTIME = YES;
				PRODUCT_NAME = "$(TARGET_NAME)";
			};
			name = Debug;
		};
		C95AC4452DEA2CCC007E9A2C /* Release */ = {
			isa = XCBuildConfiguration;
			buildSettings = {
				CODE_SIGN_STYLE = Automatic;
				DEVELOPMENT_TEAM = J562JMPV98;
				ENABLE_HARDENED_RUNTIME = YES;
				PRODUCT_NAME = "$(TARGET_NAME)";
			};
			name = Release;
		};
		C95AC4622DEA3022007E9A2C /* Debug */ = {
			isa = XCBuildConfiguration;
			buildSettings = {
				CODE_SIGN_STYLE = Automatic;
				DEVELOPMENT_TEAM = J562JMPV98;
				ENABLE_HARDENED_RUNTIME = YES;
				PRODUCT_NAME = "$(TARGET_NAME)";
			};
			name = Debug;
		};
		C95AC4632DEA3022007E9A2C /* Release */ = {
			isa = XCBuildConfiguration;
			buildSettings = {
				CODE_SIGN_STYLE = Automatic;
				DEVELOPMENT_TEAM = J562JMPV98;
				ENABLE_HARDENED_RUNTIME = YES;
				PRODUCT_NAME = "$(TARGET_NAME)";
			};
			name = Release;
		};
		C95AC46D2DEA3058007E9A2C /* Debug */ = {
			isa = XCBuildConfiguration;
			buildSettings = {
				CODE_SIGN_STYLE = Automatic;
				DEVELOPMENT_TEAM = J562JMPV98;
				ENABLE_HARDENED_RUNTIME = YES;
				PRODUCT_NAME = "$(TARGET_NAME)";
			};
			name = Debug;
		};
		C95AC46E2DEA3058007E9A2C /* Release */ = {
			isa = XCBuildConfiguration;
			buildSettings = {
				CODE_SIGN_STYLE = Automatic;
				DEVELOPMENT_TEAM = J562JMPV98;
				ENABLE_HARDENED_RUNTIME = YES;
				PRODUCT_NAME = "$(TARGET_NAME)";
			};
			name = Release;
		};
		C95AC4812DEE61C0007E9A2C /* Debug */ = {
			isa = XCBuildConfiguration;
			buildSettings = {
				CODE_SIGN_STYLE = Automatic;
				DEVELOPMENT_TEAM = J562JMPV98;
				ENABLE_HARDENED_RUNTIME = YES;
				PRODUCT_NAME = "$(TARGET_NAME)";
			};
			name = Debug;
		};
		C95AC4822DEE61C0007E9A2C /* Release */ = {
			isa = XCBuildConfiguration;
			buildSettings = {
				CODE_SIGN_STYLE = Automatic;
				DEVELOPMENT_TEAM = J562JMPV98;
				ENABLE_HARDENED_RUNTIME = YES;
				PRODUCT_NAME = "$(TARGET_NAME)";
			};
			name = Release;
		};
		C9CEFE8E2DEE708E002D8EEF /* Debug */ = {
			isa = XCBuildConfiguration;
			buildSettings = {
				CODE_SIGN_STYLE = Automatic;
				DEVELOPMENT_TEAM = J562JMPV98;
				ENABLE_HARDENED_RUNTIME = YES;
				PRODUCT_NAME = "$(TARGET_NAME)";
			};
			name = Debug;
		};
		C9CEFE8F2DEE708E002D8EEF /* Release */ = {
			isa = XCBuildConfiguration;
			buildSettings = {
				CODE_SIGN_STYLE = Automatic;
				DEVELOPMENT_TEAM = J562JMPV98;
				ENABLE_HARDENED_RUNTIME = YES;
				PRODUCT_NAME = "$(TARGET_NAME)";
			};
			name = Release;
		};
		C9CEFE9A2DEE790D002D8EEF /* Debug */ = {
			isa = XCBuildConfiguration;
			buildSettings = {
				CODE_SIGN_STYLE = Automatic;
				DEVELOPMENT_TEAM = J562JMPV98;
				ENABLE_HARDENED_RUNTIME = YES;
				PRODUCT_NAME = "$(TARGET_NAME)";
			};
			name = Debug;
		};
		C9CEFE9B2DEE790D002D8EEF /* Release */ = {
			isa = XCBuildConfiguration;
			buildSettings = {
				CODE_SIGN_STYLE = Automatic;
				DEVELOPMENT_TEAM = J562JMPV98;
				ENABLE_HARDENED_RUNTIME = YES;
				PRODUCT_NAME = "$(TARGET_NAME)";
			};
			name = Release;
		};
		C9CEFECF2DF1645D002D8EEF /* Debug */ = {
			isa = XCBuildConfiguration;
			buildSettings = {
				CODE_SIGN_STYLE = Automatic;
				DEVELOPMENT_TEAM = J562JMPV98;
				ENABLE_HARDENED_RUNTIME = YES;
				PRODUCT_NAME = "$(TARGET_NAME)";
			};
			name = Debug;
		};
		C9CEFED02DF1645D002D8EEF /* Release */ = {
			isa = XCBuildConfiguration;
			buildSettings = {
				CODE_SIGN_STYLE = Automatic;
				DEVELOPMENT_TEAM = J562JMPV98;
				ENABLE_HARDENED_RUNTIME = YES;
				PRODUCT_NAME = "$(TARGET_NAME)";
			};
			name = Release;
		};
		C9CEFEDA2DF17563002D8EEF /* Debug */ = {
			isa = XCBuildConfiguration;
			buildSettings = {
				CODE_SIGN_STYLE = Automatic;
				DEVELOPMENT_TEAM = J562JMPV98;
				ENABLE_HARDENED_RUNTIME = YES;
				PRODUCT_NAME = "$(TARGET_NAME)";
			};
			name = Debug;
		};
		C9CEFEDB2DF17563002D8EEF /* Release */ = {
			isa = XCBuildConfiguration;
			buildSettings = {
				CODE_SIGN_STYLE = Automatic;
				DEVELOPMENT_TEAM = J562JMPV98;
				ENABLE_HARDENED_RUNTIME = YES;
				PRODUCT_NAME = "$(TARGET_NAME)";
			};
			name = Release;
		};
		C9CEFEE52DF187B2002D8EEF /* Debug */ = {
			isa = XCBuildConfiguration;
			buildSettings = {
				CODE_SIGN_STYLE = Automatic;
				DEVELOPMENT_TEAM = J562JMPV98;
				ENABLE_HARDENED_RUNTIME = YES;
				PRODUCT_NAME = "$(TARGET_NAME)";
			};
			name = Debug;
		};
		C9CEFEE62DF187B2002D8EEF /* Release */ = {
			isa = XCBuildConfiguration;
			buildSettings = {
				CODE_SIGN_STYLE = Automatic;
				DEVELOPMENT_TEAM = J562JMPV98;
				ENABLE_HARDENED_RUNTIME = YES;
				PRODUCT_NAME = "$(TARGET_NAME)";
			};
			name = Release;
		};
		C9CEFEF02DF7A6E1002D8EEF /* Debug */ = {
			isa = XCBuildConfiguration;
			buildSettings = {
				CODE_SIGN_STYLE = Automatic;
				DEVELOPMENT_TEAM = J562JMPV98;
				ENABLE_HARDENED_RUNTIME = YES;
				PRODUCT_NAME = "$(TARGET_NAME)";
			};
			name = Debug;
		};
		C9CEFEF12DF7A6E1002D8EEF /* Release */ = {
			isa = XCBuildConfiguration;
			buildSettings = {
				CODE_SIGN_STYLE = Automatic;
				DEVELOPMENT_TEAM = J562JMPV98;
				ENABLE_HARDENED_RUNTIME = YES;
				PRODUCT_NAME = "$(TARGET_NAME)";
			};
			name = Release;
		};
		C9CEFEFB2DF8395B002D8EEF /* Debug */ = {
			isa = XCBuildConfiguration;
			buildSettings = {
				CODE_SIGN_STYLE = Automatic;
				DEVELOPMENT_TEAM = J562JMPV98;
				ENABLE_HARDENED_RUNTIME = YES;
				PRODUCT_NAME = "$(TARGET_NAME)";
			};
			name = Debug;
		};
		C9CEFEFC2DF8395B002D8EEF /* Release */ = {
			isa = XCBuildConfiguration;
			buildSettings = {
				CODE_SIGN_STYLE = Automatic;
				DEVELOPMENT_TEAM = J562JMPV98;
				ENABLE_HARDENED_RUNTIME = YES;
				PRODUCT_NAME = "$(TARGET_NAME)";
			};
			name = Release;
		};
		C9CEFF132DF84B25002D8EEF /* Debug */ = {
			isa = XCBuildConfiguration;
			buildSettings = {
				CODE_SIGN_STYLE = Automatic;
				DEVELOPMENT_TEAM = J562JMPV98;
				ENABLE_HARDENED_RUNTIME = YES;
				PRODUCT_NAME = "$(TARGET_NAME)";
			};
			name = Debug;
		};
		C9CEFF142DF84B25002D8EEF /* Release */ = {
			isa = XCBuildConfiguration;
			buildSettings = {
				CODE_SIGN_STYLE = Automatic;
				DEVELOPMENT_TEAM = J562JMPV98;
				ENABLE_HARDENED_RUNTIME = YES;
				PRODUCT_NAME = "$(TARGET_NAME)";
			};
			name = Release;
		};
/* End XCBuildConfiguration section */

/* Begin XCConfigurationList section */
		C95AC4212DEA2BC5007E9A2C /* Build configuration list for PBXProject "CSCE_1030_Xcode" */ = {
			isa = XCConfigurationList;
			buildConfigurations = (
				C95AC42B2DEA2BC5007E9A2C /* Debug */,
				C95AC42C2DEA2BC5007E9A2C /* Release */,
			);
			defaultConfigurationIsVisible = 0;
			defaultConfigurationName = Release;
		};
		C95AC42D2DEA2BC5007E9A2C /* Build configuration list for PBXNativeTarget "Lab3A" */ = {
			isa = XCConfigurationList;
			buildConfigurations = (
				C95AC42E2DEA2BC5007E9A2C /* Debug */,
				C95AC42F2DEA2BC5007E9A2C /* Release */,
			);
			defaultConfigurationIsVisible = 0;
			defaultConfigurationName = Release;
		};
		C95AC4382DEA2C6C007E9A2C /* Build configuration list for PBXNativeTarget "Lab3B" */ = {
			isa = XCConfigurationList;
			buildConfigurations = (
				C95AC4392DEA2C6C007E9A2C /* Debug */,
				C95AC43A2DEA2C6C007E9A2C /* Release */,
			);
			defaultConfigurationIsVisible = 0;
			defaultConfigurationName = Release;
		};
		C95AC4432DEA2CCC007E9A2C /* Build configuration list for PBXNativeTarget "Lab3C" */ = {
			isa = XCConfigurationList;
			buildConfigurations = (
				C95AC4442DEA2CCC007E9A2C /* Debug */,
				C95AC4452DEA2CCC007E9A2C /* Release */,
			);
			defaultConfigurationIsVisible = 0;
			defaultConfigurationName = Release;
		};
		C95AC4612DEA3022007E9A2C /* Build configuration list for PBXNativeTarget "Lab2A" */ = {
			isa = XCConfigurationList;
			buildConfigurations = (
				C95AC4622DEA3022007E9A2C /* Debug */,
				C95AC4632DEA3022007E9A2C /* Release */,
			);
			defaultConfigurationIsVisible = 0;
			defaultConfigurationName = Release;
		};
		C95AC46C2DEA3058007E9A2C /* Build configuration list for PBXNativeTarget "Lab2B" */ = {
			isa = XCConfigurationList;
			buildConfigurations = (
				C95AC46D2DEA3058007E9A2C /* Debug */,
				C95AC46E2DEA3058007E9A2C /* Release */,
			);
			defaultConfigurationIsVisible = 0;
			defaultConfigurationName = Release;
		};
		C95AC4802DEE61C0007E9A2C /* Build configuration list for PBXNativeTarget "Lab4A" */ = {
			isa = XCConfigurationList;
			buildConfigurations = (
				C95AC4812DEE61C0007E9A2C /* Debug */,
				C95AC4822DEE61C0007E9A2C /* Release */,
			);
			defaultConfigurationIsVisible = 0;
			defaultConfigurationName = Release;
		};
		C9CEFE902DEE708E002D8EEF /* Build configuration list for PBXNativeTarget "Lab4B" */ = {
			isa = XCConfigurationList;
			buildConfigurations = (
				C9CEFE8E2DEE708E002D8EEF /* Debug */,
				C9CEFE8F2DEE708E002D8EEF /* Release */,
			);
			defaultConfigurationIsVisible = 0;
			defaultConfigurationName = Release;
		};
		C9CEFE992DEE790D002D8EEF /* Build configuration list for PBXNativeTarget "Lab4C" */ = {
			isa = XCConfigurationList;
			buildConfigurations = (
				C9CEFE9A2DEE790D002D8EEF /* Debug */,
				C9CEFE9B2DEE790D002D8EEF /* Release */,
			);
			defaultConfigurationIsVisible = 0;
			defaultConfigurationName = Release;
		};
		C9CEFECE2DF1645D002D8EEF /* Build configuration list for PBXNativeTarget "Lab5A" */ = {
			isa = XCConfigurationList;
			buildConfigurations = (
				C9CEFECF2DF1645D002D8EEF /* Debug */,
				C9CEFED02DF1645D002D8EEF /* Release */,
			);
			defaultConfigurationIsVisible = 0;
			defaultConfigurationName = Release;
		};
		C9CEFED92DF17563002D8EEF /* Build configuration list for PBXNativeTarget "Lab5B" */ = {
			isa = XCConfigurationList;
			buildConfigurations = (
				C9CEFEDA2DF17563002D8EEF /* Debug */,
				C9CEFEDB2DF17563002D8EEF /* Release */,
			);
			defaultConfigurationIsVisible = 0;
			defaultConfigurationName = Release;
		};
		C9CEFEE42DF187B2002D8EEF /* Build configuration list for PBXNativeTarget "Lab5C" */ = {
			isa = XCConfigurationList;
			buildConfigurations = (
				C9CEFEE52DF187B2002D8EEF /* Debug */,
				C9CEFEE62DF187B2002D8EEF /* Release */,
			);
			defaultConfigurationIsVisible = 0;
			defaultConfigurationName = Release;
		};
		C9CEFEEF2DF7A6E1002D8EEF /* Build configuration list for PBXNativeTarget "Lab6A" */ = {
			isa = XCConfigurationList;
			buildConfigurations = (
				C9CEFEF02DF7A6E1002D8EEF /* Debug */,
				C9CEFEF12DF7A6E1002D8EEF /* Release */,
			);
			defaultConfigurationIsVisible = 0;
			defaultConfigurationName = Release;
		};
		C9CEFEFA2DF8395B002D8EEF /* Build configuration list for PBXNativeTarget "Lab6B" */ = {
			isa = XCConfigurationList;
			buildConfigurations = (
				C9CEFEFB2DF8395B002D8EEF /* Debug */,
				C9CEFEFC2DF8395B002D8EEF /* Release */,
			);
			defaultConfigurationIsVisible = 0;
			defaultConfigurationName = Release;
		};
		C9CEFF122DF84B25002D8EEF /* Build configuration list for PBXNativeTarget "Lab6C" */ = {
			isa = XCConfigurationList;
			buildConfigurations = (
				C9CEFF132DF84B25002D8EEF /* Debug */,
				C9CEFF142DF84B25002D8EEF /* Release */,
			);
			defaultConfigurationIsVisible = 0;
			defaultConfigurationName = Release;
		};
/* End XCConfigurationList section */
	};
	rootObject = C95AC41E2DEA2BC5007E9A2C /* Project object */;
}
